Microsoft Visual Studio Solution File, Format Version 12.00
# Visual Studio Version 17
VisualStudioVersion = 17.0.31903.59
MinimumVisualStudioVersion = 10.0.40219.1
Project("{2150E333-8FDC-42A3-9474-1A3956D46DE8}") = "Solution Items", "Solution Items", "{4FFD4C58-9E5A-4421-967D-DC7CA160CA93}"
	ProjectSection(SolutionItems) = preProject
		.editorconfig = .editorconfig
		.globalconfig = .globalconfig
		Directory.Build.props = Directory.Build.props
		Directory.Packages.props = Directory.Packages.props
	EndProjectSection
EndProject
Project("{2150E333-8FDC-42A3-9474-1A3956D46DE8}") = "src", "src", "{9A68B907-0BA2-49DF-905B-55D763D01147}"
EndProject
Project("{FAE04EC0-301F-11D3-BF4B-00C04F79EFBC}") = "Okiya.Solver", "src\Okiya.Solver\Okiya.Solver.csproj", "{BCF8669F-F033-4415-A09A-B25D7E4638F6}"
EndProject
Project("{2150E333-8FDC-42A3-9474-1A3956D46DE8}") = "samples", "samples", "{D3797FAD-AEAA-43F4-ADBC-DB9156F8057F}"
	ProjectSection(SolutionItems) = preProject
		samples\.editorconfig = samples\.editorconfig
	EndProjectSection
EndProject
Project("{FAE04EC0-301F-11D3-BF4B-00C04F79EFBC}") = "Samples.BoardGeneration", "samples\Samples.BoardGeneration\Samples.BoardGeneration.csproj", "{16D8296F-6850-46F9-81C7-82C01A53886C}"
EndProject
Global
	GlobalSection(SolutionConfigurationPlatforms) = preSolution
		Debug|Any CPU = Debug|Any CPU
		Release|Any CPU = Release|Any CPU
	EndGlobalSection
	GlobalSection(SolutionProperties) = preSolution
		HideSolutionNode = FALSE
	EndGlobalSection
	GlobalSection(ProjectConfigurationPlatforms) = postSolution
		{BCF8669F-F033-4415-A09A-B25D7E4638F6}.Debug|Any CPU.ActiveCfg = Debug|Any CPU
		{BCF8669F-F033-4415-A09A-B25D7E4638F6}.Debug|Any CPU.Build.0 = Debug|Any CPU
		{BCF8669F-F033-4415-A09A-B25D7E4638F6}.Release|Any CPU.ActiveCfg = Release|Any CPU
		{BCF8669F-F033-4415-A09A-B25D7E4638F6}.Release|Any CPU.Build.0 = Release|Any CPU
		{16D8296F-6850-46F9-81C7-82C01A53886C}.Debug|Any CPU.ActiveCfg = Debug|Any CPU
		{16D8296F-6850-46F9-81C7-82C01A53886C}.Debug|Any CPU.Build.0 = Debug|Any CPU
		{16D8296F-6850-46F9-81C7-82C01A53886C}.Release|Any CPU.ActiveCfg = Release|Any CPU
		{16D8296F-6850-46F9-81C7-82C01A53886C}.Release|Any CPU.Build.0 = Release|Any CPU
	EndGlobalSection
	GlobalSection(NestedProjects) = preSolution
		{BCF8669F-F033-4415-A09A-B25D7E4638F6} = {9A68B907-0BA2-49DF-905B-55D763D01147}
		{16D8296F-6850-46F9-81C7-82C01A53886C} = {D3797FAD-AEAA-43F4-ADBC-DB9156F8057F}
	EndGlobalSection
EndGlobal
